// !$*UTF8*$!
{
	archiveVersion = 1;
	classes = {
	};
	objectVersion = 51;
	objects = {

/* Begin PBXBuildFile section */
		EF14D33723C242900015E1C5 /* empty.json in Resources */ = {isa = PBXBuildFile; fileRef = EF14D32423C242900015E1C5 /* empty.json */; };
		EF14D33823C242900015E1C5 /* NoConnection.json in Resources */ = {isa = PBXBuildFile; fileRef = EF14D32523C242900015E1C5 /* NoConnection.json */; };
		EF14D33923C242900015E1C5 /* isPlaying2.json in Resources */ = {isa = PBXBuildFile; fileRef = EF14D32623C242900015E1C5 /* isPlaying2.json */; };
		EF14D33A23C242900015E1C5 /* isPlaying.json in Resources */ = {isa = PBXBuildFile; fileRef = EF14D32723C242900015E1C5 /* isPlaying.json */; };
		EF14D33B23C242900015E1C5 /* NoSearch.json in Resources */ = {isa = PBXBuildFile; fileRef = EF14D32823C242900015E1C5 /* NoSearch.json */; };
		EF14D33C23C242900015E1C5 /* Extension + UIButton.swift in Sources */ = {isa = PBXBuildFile; fileRef = EF14D32A23C242900015E1C5 /* Extension + UIButton.swift */; };
		EF14D33D23C242900015E1C5 /* Extension + GCD.swift in Sources */ = {isa = PBXBuildFile; fileRef = EF14D32B23C242900015E1C5 /* Extension + GCD.swift */; };
		EF14D33E23C242900015E1C5 /* Extension + CMTime.swift in Sources */ = {isa = PBXBuildFile; fileRef = EF14D32C23C242900015E1C5 /* Extension + CMTime.swift */; };
		EF14D33F23C242900015E1C5 /* Extension + CGFloat.swift in Sources */ = {isa = PBXBuildFile; fileRef = EF14D32D23C242900015E1C5 /* Extension + CGFloat.swift */; };
		EF14D34023C242900015E1C5 /* Extension + Nib.swift in Sources */ = {isa = PBXBuildFile; fileRef = EF14D32E23C242900015E1C5 /* Extension + Nib.swift */; };
		EF14D34123C242900015E1C5 /* Extension + ViewController.swift in Sources */ = {isa = PBXBuildFile; fileRef = EF14D32F23C242900015E1C5 /* Extension + ViewController.swift */; };
		EF14D34223C242900015E1C5 /* Extension + TableDirector.swift in Sources */ = {isa = PBXBuildFile; fileRef = EF14D33023C242900015E1C5 /* Extension + TableDirector.swift */; };
		EF14D34323C242900015E1C5 /* UITableView + TableFlip.swift in Sources */ = {isa = PBXBuildFile; fileRef = EF14D33123C242900015E1C5 /* UITableView + TableFlip.swift */; };
		EF14D34423C242900015E1C5 /* UIViewController + Storyboard.swift in Sources */ = {isa = PBXBuildFile; fileRef = EF14D33223C242900015E1C5 /* UIViewController + Storyboard.swift */; };
		EF14D34523C242900015E1C5 /* Extension + UIView.swift in Sources */ = {isa = PBXBuildFile; fileRef = EF14D33323C242900015E1C5 /* Extension + UIView.swift */; };
		EF14D34623C242900015E1C5 /* UIView + Anchors.swift in Sources */ = {isa = PBXBuildFile; fileRef = EF14D33423C242900015E1C5 /* UIView + Anchors.swift */; };
		EF14D34823C244540015E1C5 /* PrettyButton.swift in Sources */ = {isa = PBXBuildFile; fileRef = EF14D34723C244540015E1C5 /* PrettyButton.swift */; };
		EF14D34A23C2446E0015E1C5 /* PrettyTextField.swift in Sources */ = {isa = PBXBuildFile; fileRef = EF14D34923C2446E0015E1C5 /* PrettyTextField.swift */; };
		EF28C89323C4679B000EC9DA /* RequestManager.swift in Sources */ = {isa = PBXBuildFile; fileRef = EF28C89223C4679B000EC9DA /* RequestManager.swift */; };
		EF318DCC23C3CCBA007F3C71 /* User.swift in Sources */ = {isa = PBXBuildFile; fileRef = EF318DCB23C3CCBA007F3C71 /* User.swift */; };
		EF318DCE23C3CE6C007F3C71 /* Follower.swift in Sources */ = {isa = PBXBuildFile; fileRef = EF318DCD23C3CE6C007F3C71 /* Follower.swift */; };
		EF318DD123C3D025007F3C71 /* MainAPI.swift in Sources */ = {isa = PBXBuildFile; fileRef = EF318DD023C3D025007F3C71 /* MainAPI.swift */; };
		EF318DD323C3D038007F3C71 /* APIResponse.swift in Sources */ = {isa = PBXBuildFile; fileRef = EF318DD223C3D038007F3C71 /* APIResponse.swift */; };
		EF318DD523C3D0EB007F3C71 /* GetFollowersAPI.swift in Sources */ = {isa = PBXBuildFile; fileRef = EF318DD423C3D0EB007F3C71 /* GetFollowersAPI.swift */; };
		EF53025923C366DB00334ACD /* FollowerList.storyboard in Resources */ = {isa = PBXBuildFile; fileRef = EF53025223C366DB00334ACD /* FollowerList.storyboard */; };
		EF53025A23C366DB00334ACD /* FollowerListPresenter.swift in Sources */ = {isa = PBXBuildFile; fileRef = EF53025323C366DB00334ACD /* FollowerListPresenter.swift */; };
		EF53025B23C366DB00334ACD /* FollowerListRouter.swift in Sources */ = {isa = PBXBuildFile; fileRef = EF53025423C366DB00334ACD /* FollowerListRouter.swift */; };
		EF53025C23C366DB00334ACD /* FollowerListViewController.swift in Sources */ = {isa = PBXBuildFile; fileRef = EF53025523C366DB00334ACD /* FollowerListViewController.swift */; };
		EF53025D23C366DB00334ACD /* FollowerListProtocols.swift in Sources */ = {isa = PBXBuildFile; fileRef = EF53025623C366DB00334ACD /* FollowerListProtocols.swift */; };
		EF53025E23C366DB00334ACD /* FollowerListInteractor.swift in Sources */ = {isa = PBXBuildFile; fileRef = EF53025723C366DB00334ACD /* FollowerListInteractor.swift */; };
		EF53025F23C366DB00334ACD /* FollowerListConfigurator.swift in Sources */ = {isa = PBXBuildFile; fileRef = EF53025823C366DB00334ACD /* FollowerListConfigurator.swift */; };
		EF7D18C023C3D39D00058A15 /* FollowersSearchManager.swift in Sources */ = {isa = PBXBuildFile; fileRef = EF7D18BF23C3D39D00058A15 /* FollowersSearchManager.swift */; };
		EF96FC9323C7B56D00A6D05D /* FollowerCell.swift in Sources */ = {isa = PBXBuildFile; fileRef = EF96FC9223C7B56D00A6D05D /* FollowerCell.swift */; };
		EF96FC9523C7B57500A6D05D /* FollowerCell.xib in Resources */ = {isa = PBXBuildFile; fileRef = EF96FC9423C7B57500A6D05D /* FollowerCell.xib */; };
		EF96FC9823C7B98F00A6D05D /* FollowerCellProvider.swift in Sources */ = {isa = PBXBuildFile; fileRef = EF96FC9723C7B98F00A6D05D /* FollowerCellProvider.swift */; };
		EF96FC9E23C7B9C500A6D05D /* CollectionCell.swift in Sources */ = {isa = PBXBuildFile; fileRef = EF96FC9A23C7B9C500A6D05D /* CollectionCell.swift */; };
		EF96FC9F23C7B9C500A6D05D /* CollectionInsidable.swift in Sources */ = {isa = PBXBuildFile; fileRef = EF96FC9B23C7B9C500A6D05D /* CollectionInsidable.swift */; };
		EF96FCA023C7B9C500A6D05D /* CollectionInsideProvider.swift in Sources */ = {isa = PBXBuildFile; fileRef = EF96FC9C23C7B9C500A6D05D /* CollectionInsideProvider.swift */; };
		EF96FCA123C7B9C500A6D05D /* AnimatedReloadAnimator.swift in Sources */ = {isa = PBXBuildFile; fileRef = EF96FC9D23C7B9C500A6D05D /* AnimatedReloadAnimator.swift */; };
		EF9CB29123C22214006FAA26 /* Favourites.storyboard in Resources */ = {isa = PBXBuildFile; fileRef = EF9CB28A23C22214006FAA26 /* Favourites.storyboard */; };
		EF9CB29223C22214006FAA26 /* FavouritesPresenter.swift in Sources */ = {isa = PBXBuildFile; fileRef = EF9CB28B23C22214006FAA26 /* FavouritesPresenter.swift */; };
		EF9CB29323C22214006FAA26 /* FavouritesRouter.swift in Sources */ = {isa = PBXBuildFile; fileRef = EF9CB28C23C22214006FAA26 /* FavouritesRouter.swift */; };
		EF9CB29423C22214006FAA26 /* FavouritesViewController.swift in Sources */ = {isa = PBXBuildFile; fileRef = EF9CB28D23C22214006FAA26 /* FavouritesViewController.swift */; };
		EF9CB29523C22214006FAA26 /* FavouritesProtocols.swift in Sources */ = {isa = PBXBuildFile; fileRef = EF9CB28E23C22214006FAA26 /* FavouritesProtocols.swift */; };
		EF9CB29623C22214006FAA26 /* FavouritesInteractor.swift in Sources */ = {isa = PBXBuildFile; fileRef = EF9CB28F23C22214006FAA26 /* FavouritesInteractor.swift */; };
		EF9CB29723C22214006FAA26 /* FavouritesConfigurator.swift in Sources */ = {isa = PBXBuildFile; fileRef = EF9CB29023C22214006FAA26 /* FavouritesConfigurator.swift */; };
		EFADB8CB23C21A07007565C9 /* AppDelegate.swift in Sources */ = {isa = PBXBuildFile; fileRef = EFADB8CA23C21A07007565C9 /* AppDelegate.swift */; };
		EFADB8CD23C21A07007565C9 /* SceneDelegate.swift in Sources */ = {isa = PBXBuildFile; fileRef = EFADB8CC23C21A07007565C9 /* SceneDelegate.swift */; };
		EFADB8D423C21A0A007565C9 /* Assets.xcassets in Resources */ = {isa = PBXBuildFile; fileRef = EFADB8D323C21A0A007565C9 /* Assets.xcassets */; };
		EFADB8D723C21A0A007565C9 /* LaunchScreen.storyboard in Resources */ = {isa = PBXBuildFile; fileRef = EFADB8D523C21A0A007565C9 /* LaunchScreen.storyboard */; };
		EFADB8E023C22092007565C9 /* MainTabBarController.swift in Sources */ = {isa = PBXBuildFile; fileRef = EFADB8DF23C22092007565C9 /* MainTabBarController.swift */; };
		EFADB8E823C22122007565C9 /* Search.storyboard in Resources */ = {isa = PBXBuildFile; fileRef = EFADB8E123C22122007565C9 /* Search.storyboard */; };
		EFADB8E923C22122007565C9 /* SearchPresenter.swift in Sources */ = {isa = PBXBuildFile; fileRef = EFADB8E223C22122007565C9 /* SearchPresenter.swift */; };
		EFADB8EA23C22122007565C9 /* SearchRouter.swift in Sources */ = {isa = PBXBuildFile; fileRef = EFADB8E323C22122007565C9 /* SearchRouter.swift */; };
		EFADB8EB23C22122007565C9 /* SearchViewController.swift in Sources */ = {isa = PBXBuildFile; fileRef = EFADB8E423C22122007565C9 /* SearchViewController.swift */; };
		EFADB8EC23C22122007565C9 /* SearchProtocols.swift in Sources */ = {isa = PBXBuildFile; fileRef = EFADB8E523C22122007565C9 /* SearchProtocols.swift */; };
		EFADB8ED23C22122007565C9 /* SearchInteractor.swift in Sources */ = {isa = PBXBuildFile; fileRef = EFADB8E623C22122007565C9 /* SearchInteractor.swift */; };
		EFADB8EE23C22122007565C9 /* SearchConfigurator.swift in Sources */ = {isa = PBXBuildFile; fileRef = EFADB8E723C22122007565C9 /* SearchConfigurator.swift */; };
		EFB4EEED23C65A4A00C38AE5 /* AlertManager.swift in Sources */ = {isa = PBXBuildFile; fileRef = EFB4EEEC23C65A4A00C38AE5 /* AlertManager.swift */; };
		EFDDCCD223C4DD8500EE8BB7 /* CustomAlert.swift in Sources */ = {isa = PBXBuildFile; fileRef = EFDDCCD123C4DD8500EE8BB7 /* CustomAlert.swift */; };
		EFDDCCD423C4DD9500EE8BB7 /* CustomAlert.xib in Resources */ = {isa = PBXBuildFile; fileRef = EFDDCCD323C4DD9500EE8BB7 /* CustomAlert.xib */; };
		F19460BA4BAAE6177677B73E /* Pods_GitHubFollowers.framework in Frameworks */ = {isa = PBXBuildFile; fileRef = 3AE77884C9FBDD3E76A73447 /* Pods_GitHubFollowers.framework */; };
/* End PBXBuildFile section */

/* Begin PBXFileReference section */
		37E7B93A336A8B7CFC73729E /* Pods-GitHubFollowers.debug.xcconfig */ = {isa = PBXFileReference; includeInIndex = 1; lastKnownFileType = text.xcconfig; name = "Pods-GitHubFollowers.debug.xcconfig"; path = "Target Support Files/Pods-GitHubFollowers/Pods-GitHubFollowers.debug.xcconfig"; sourceTree = "<group>"; };
		3AE77884C9FBDD3E76A73447 /* Pods_GitHubFollowers.framework */ = {isa = PBXFileReference; explicitFileType = wrapper.framework; includeInIndex = 0; path = Pods_GitHubFollowers.framework; sourceTree = BUILT_PRODUCTS_DIR; };
		DB6A4C8D9C0C93DC28FF17B4 /* Pods-GitHubFollowers.release.xcconfig */ = {isa = PBXFileReference; includeInIndex = 1; lastKnownFileType = text.xcconfig; name = "Pods-GitHubFollowers.release.xcconfig"; path = "Target Support Files/Pods-GitHubFollowers/Pods-GitHubFollowers.release.xcconfig"; sourceTree = "<group>"; };
		EF14D32423C242900015E1C5 /* empty.json */ = {isa = PBXFileReference; fileEncoding = 4; lastKnownFileType = text.json; path = empty.json; sourceTree = "<group>"; };
		EF14D32523C242900015E1C5 /* NoConnection.json */ = {isa = PBXFileReference; fileEncoding = 4; lastKnownFileType = text.json; path = NoConnection.json; sourceTree = "<group>"; };
		EF14D32623C242900015E1C5 /* isPlaying2.json */ = {isa = PBXFileReference; fileEncoding = 4; lastKnownFileType = text.json; path = isPlaying2.json; sourceTree = "<group>"; };
		EF14D32723C242900015E1C5 /* isPlaying.json */ = {isa = PBXFileReference; fileEncoding = 4; lastKnownFileType = text.json; path = isPlaying.json; sourceTree = "<group>"; };
		EF14D32823C242900015E1C5 /* NoSearch.json */ = {isa = PBXFileReference; fileEncoding = 4; lastKnownFileType = text.json; path = NoSearch.json; sourceTree = "<group>"; };
		EF14D32A23C242900015E1C5 /* Extension + UIButton.swift */ = {isa = PBXFileReference; fileEncoding = 4; lastKnownFileType = sourcecode.swift; path = "Extension + UIButton.swift"; sourceTree = "<group>"; };
		EF14D32B23C242900015E1C5 /* Extension + GCD.swift */ = {isa = PBXFileReference; fileEncoding = 4; lastKnownFileType = sourcecode.swift; path = "Extension + GCD.swift"; sourceTree = "<group>"; };
		EF14D32C23C242900015E1C5 /* Extension + CMTime.swift */ = {isa = PBXFileReference; fileEncoding = 4; lastKnownFileType = sourcecode.swift; path = "Extension + CMTime.swift"; sourceTree = "<group>"; };
		EF14D32D23C242900015E1C5 /* Extension + CGFloat.swift */ = {isa = PBXFileReference; fileEncoding = 4; lastKnownFileType = sourcecode.swift; path = "Extension + CGFloat.swift"; sourceTree = "<group>"; };
		EF14D32E23C242900015E1C5 /* Extension + Nib.swift */ = {isa = PBXFileReference; fileEncoding = 4; lastKnownFileType = sourcecode.swift; path = "Extension + Nib.swift"; sourceTree = "<group>"; };
		EF14D32F23C242900015E1C5 /* Extension + ViewController.swift */ = {isa = PBXFileReference; fileEncoding = 4; lastKnownFileType = sourcecode.swift; path = "Extension + ViewController.swift"; sourceTree = "<group>"; };
		EF14D33023C242900015E1C5 /* Extension + TableDirector.swift */ = {isa = PBXFileReference; fileEncoding = 4; lastKnownFileType = sourcecode.swift; path = "Extension + TableDirector.swift"; sourceTree = "<group>"; };
		EF14D33123C242900015E1C5 /* UITableView + TableFlip.swift */ = {isa = PBXFileReference; fileEncoding = 4; lastKnownFileType = sourcecode.swift; path = "UITableView + TableFlip.swift"; sourceTree = "<group>"; };
		EF14D33223C242900015E1C5 /* UIViewController + Storyboard.swift */ = {isa = PBXFileReference; fileEncoding = 4; lastKnownFileType = sourcecode.swift; path = "UIViewController + Storyboard.swift"; sourceTree = "<group>"; };
		EF14D33323C242900015E1C5 /* Extension + UIView.swift */ = {isa = PBXFileReference; fileEncoding = 4; lastKnownFileType = sourcecode.swift; path = "Extension + UIView.swift"; sourceTree = "<group>"; };
		EF14D33423C242900015E1C5 /* UIView + Anchors.swift */ = {isa = PBXFileReference; fileEncoding = 4; lastKnownFileType = sourcecode.swift; path = "UIView + Anchors.swift"; sourceTree = "<group>"; };
		EF14D34723C244540015E1C5 /* PrettyButton.swift */ = {isa = PBXFileReference; lastKnownFileType = sourcecode.swift; path = PrettyButton.swift; sourceTree = "<group>"; };
		EF14D34923C2446E0015E1C5 /* PrettyTextField.swift */ = {isa = PBXFileReference; lastKnownFileType = sourcecode.swift; path = PrettyTextField.swift; sourceTree = "<group>"; };
		EF28C89223C4679B000EC9DA /* RequestManager.swift */ = {isa = PBXFileReference; lastKnownFileType = sourcecode.swift; path = RequestManager.swift; sourceTree = "<group>"; };
		EF318DCB23C3CCBA007F3C71 /* User.swift */ = {isa = PBXFileReference; lastKnownFileType = sourcecode.swift; path = User.swift; sourceTree = "<group>"; };
		EF318DCD23C3CE6C007F3C71 /* Follower.swift */ = {isa = PBXFileReference; lastKnownFileType = sourcecode.swift; path = Follower.swift; sourceTree = "<group>"; };
		EF318DD023C3D025007F3C71 /* MainAPI.swift */ = {isa = PBXFileReference; lastKnownFileType = sourcecode.swift; path = MainAPI.swift; sourceTree = "<group>"; };
		EF318DD223C3D038007F3C71 /* APIResponse.swift */ = {isa = PBXFileReference; lastKnownFileType = sourcecode.swift; path = APIResponse.swift; sourceTree = "<group>"; };
		EF318DD423C3D0EB007F3C71 /* GetFollowersAPI.swift */ = {isa = PBXFileReference; lastKnownFileType = sourcecode.swift; path = GetFollowersAPI.swift; sourceTree = "<group>"; };
		EF53025223C366DB00334ACD /* FollowerList.storyboard */ = {isa = PBXFileReference; lastKnownFileType = file.storyboard; path = FollowerList.storyboard; sourceTree = "<group>"; };
		EF53025323C366DB00334ACD /* FollowerListPresenter.swift */ = {isa = PBXFileReference; lastKnownFileType = sourcecode.swift; path = FollowerListPresenter.swift; sourceTree = "<group>"; };
		EF53025423C366DB00334ACD /* FollowerListRouter.swift */ = {isa = PBXFileReference; lastKnownFileType = sourcecode.swift; path = FollowerListRouter.swift; sourceTree = "<group>"; };
		EF53025523C366DB00334ACD /* FollowerListViewController.swift */ = {isa = PBXFileReference; lastKnownFileType = sourcecode.swift; path = FollowerListViewController.swift; sourceTree = "<group>"; };
		EF53025623C366DB00334ACD /* FollowerListProtocols.swift */ = {isa = PBXFileReference; lastKnownFileType = sourcecode.swift; path = FollowerListProtocols.swift; sourceTree = "<group>"; };
		EF53025723C366DB00334ACD /* FollowerListInteractor.swift */ = {isa = PBXFileReference; lastKnownFileType = sourcecode.swift; path = FollowerListInteractor.swift; sourceTree = "<group>"; };
		EF53025823C366DB00334ACD /* FollowerListConfigurator.swift */ = {isa = PBXFileReference; lastKnownFileType = sourcecode.swift; path = FollowerListConfigurator.swift; sourceTree = "<group>"; };
		EF7D18BF23C3D39D00058A15 /* FollowersSearchManager.swift */ = {isa = PBXFileReference; lastKnownFileType = sourcecode.swift; path = FollowersSearchManager.swift; sourceTree = "<group>"; };
		EF96FC9223C7B56D00A6D05D /* FollowerCell.swift */ = {isa = PBXFileReference; lastKnownFileType = sourcecode.swift; path = FollowerCell.swift; sourceTree = "<group>"; };
		EF96FC9423C7B57500A6D05D /* FollowerCell.xib */ = {isa = PBXFileReference; lastKnownFileType = file.xib; path = FollowerCell.xib; sourceTree = "<group>"; };
		EF96FC9723C7B98F00A6D05D /* FollowerCellProvider.swift */ = {isa = PBXFileReference; lastKnownFileType = sourcecode.swift; path = FollowerCellProvider.swift; sourceTree = "<group>"; };
		EF96FC9A23C7B9C500A6D05D /* CollectionCell.swift */ = {isa = PBXFileReference; fileEncoding = 4; lastKnownFileType = sourcecode.swift; path = CollectionCell.swift; sourceTree = "<group>"; };
		EF96FC9B23C7B9C500A6D05D /* CollectionInsidable.swift */ = {isa = PBXFileReference; fileEncoding = 4; lastKnownFileType = sourcecode.swift; path = CollectionInsidable.swift; sourceTree = "<group>"; };
		EF96FC9C23C7B9C500A6D05D /* CollectionInsideProvider.swift */ = {isa = PBXFileReference; fileEncoding = 4; lastKnownFileType = sourcecode.swift; path = CollectionInsideProvider.swift; sourceTree = "<group>"; };
		EF96FC9D23C7B9C500A6D05D /* AnimatedReloadAnimator.swift */ = {isa = PBXFileReference; fileEncoding = 4; lastKnownFileType = sourcecode.swift; path = AnimatedReloadAnimator.swift; sourceTree = "<group>"; };
		EF9CB28A23C22214006FAA26 /* Favourites.storyboard */ = {isa = PBXFileReference; lastKnownFileType = file.storyboard; path = Favourites.storyboard; sourceTree = "<group>"; };
		EF9CB28B23C22214006FAA26 /* FavouritesPresenter.swift */ = {isa = PBXFileReference; lastKnownFileType = sourcecode.swift; path = FavouritesPresenter.swift; sourceTree = "<group>"; };
		EF9CB28C23C22214006FAA26 /* FavouritesRouter.swift */ = {isa = PBXFileReference; lastKnownFileType = sourcecode.swift; path = FavouritesRouter.swift; sourceTree = "<group>"; };
		EF9CB28D23C22214006FAA26 /* FavouritesViewController.swift */ = {isa = PBXFileReference; lastKnownFileType = sourcecode.swift; path = FavouritesViewController.swift; sourceTree = "<group>"; };
		EF9CB28E23C22214006FAA26 /* FavouritesProtocols.swift */ = {isa = PBXFileReference; lastKnownFileType = sourcecode.swift; path = FavouritesProtocols.swift; sourceTree = "<group>"; };
		EF9CB28F23C22214006FAA26 /* FavouritesInteractor.swift */ = {isa = PBXFileReference; lastKnownFileType = sourcecode.swift; path = FavouritesInteractor.swift; sourceTree = "<group>"; };
		EF9CB29023C22214006FAA26 /* FavouritesConfigurator.swift */ = {isa = PBXFileReference; lastKnownFileType = sourcecode.swift; path = FavouritesConfigurator.swift; sourceTree = "<group>"; };
		EFADB8C723C21A07007565C9 /* GitHubFollowers.app */ = {isa = PBXFileReference; explicitFileType = wrapper.application; includeInIndex = 0; path = GitHubFollowers.app; sourceTree = BUILT_PRODUCTS_DIR; };
		EFADB8CA23C21A07007565C9 /* AppDelegate.swift */ = {isa = PBXFileReference; lastKnownFileType = sourcecode.swift; name = AppDelegate.swift; path = ../AppDelegate.swift; sourceTree = "<group>"; };
		EFADB8CC23C21A07007565C9 /* SceneDelegate.swift */ = {isa = PBXFileReference; lastKnownFileType = sourcecode.swift; name = SceneDelegate.swift; path = ../SceneDelegate.swift; sourceTree = "<group>"; };
		EFADB8D323C21A0A007565C9 /* Assets.xcassets */ = {isa = PBXFileReference; lastKnownFileType = folder.assetcatalog; path = Assets.xcassets; sourceTree = "<group>"; };
		EFADB8D623C21A0A007565C9 /* Base */ = {isa = PBXFileReference; lastKnownFileType = file.storyboard; name = Base; path = Base.lproj/LaunchScreen.storyboard; sourceTree = "<group>"; };
		EFADB8D823C21A0A007565C9 /* Info.plist */ = {isa = PBXFileReference; lastKnownFileType = text.plist.xml; path = Info.plist; sourceTree = "<group>"; };
		EFADB8DF23C22092007565C9 /* MainTabBarController.swift */ = {isa = PBXFileReference; lastKnownFileType = sourcecode.swift; path = MainTabBarController.swift; sourceTree = "<group>"; };
		EFADB8E123C22122007565C9 /* Search.storyboard */ = {isa = PBXFileReference; lastKnownFileType = file.storyboard; path = Search.storyboard; sourceTree = "<group>"; };
		EFADB8E223C22122007565C9 /* SearchPresenter.swift */ = {isa = PBXFileReference; lastKnownFileType = sourcecode.swift; path = SearchPresenter.swift; sourceTree = "<group>"; };
		EFADB8E323C22122007565C9 /* SearchRouter.swift */ = {isa = PBXFileReference; lastKnownFileType = sourcecode.swift; path = SearchRouter.swift; sourceTree = "<group>"; };
		EFADB8E423C22122007565C9 /* SearchViewController.swift */ = {isa = PBXFileReference; lastKnownFileType = sourcecode.swift; path = SearchViewController.swift; sourceTree = "<group>"; };
		EFADB8E523C22122007565C9 /* SearchProtocols.swift */ = {isa = PBXFileReference; lastKnownFileType = sourcecode.swift; path = SearchProtocols.swift; sourceTree = "<group>"; };
		EFADB8E623C22122007565C9 /* SearchInteractor.swift */ = {isa = PBXFileReference; lastKnownFileType = sourcecode.swift; path = SearchInteractor.swift; sourceTree = "<group>"; };
		EFADB8E723C22122007565C9 /* SearchConfigurator.swift */ = {isa = PBXFileReference; lastKnownFileType = sourcecode.swift; path = SearchConfigurator.swift; sourceTree = "<group>"; };
		EFB4EEEC23C65A4A00C38AE5 /* AlertManager.swift */ = {isa = PBXFileReference; lastKnownFileType = sourcecode.swift; path = AlertManager.swift; sourceTree = "<group>"; };
		EFDDCCD123C4DD8500EE8BB7 /* CustomAlert.swift */ = {isa = PBXFileReference; lastKnownFileType = sourcecode.swift; path = CustomAlert.swift; sourceTree = "<group>"; };
		EFDDCCD323C4DD9500EE8BB7 /* CustomAlert.xib */ = {isa = PBXFileReference; lastKnownFileType = file.xib; path = CustomAlert.xib; sourceTree = "<group>"; };
/* End PBXFileReference section */

/* Begin PBXFrameworksBuildPhase section */
		EFADB8C423C21A07007565C9 /* Frameworks */ = {
			isa = PBXFrameworksBuildPhase;
			buildActionMask = 2147483647;
			files = (
				F19460BA4BAAE6177677B73E /* Pods_GitHubFollowers.framework in Frameworks */,
			);
			runOnlyForDeploymentPostprocessing = 0;
		};
/* End PBXFrameworksBuildPhase section */

/* Begin PBXGroup section */
		37C3A85D9E0D4A7B44E22F28 /* Frameworks */ = {
			isa = PBXGroup;
			children = (
				3AE77884C9FBDD3E76A73447 /* Pods_GitHubFollowers.framework */,
			);
			name = Frameworks;
			sourceTree = "<group>";
		};
		5FCE93D5A945988CB2007099 /* Pods */ = {
			isa = PBXGroup;
			children = (
				37E7B93A336A8B7CFC73729E /* Pods-GitHubFollowers.debug.xcconfig */,
				DB6A4C8D9C0C93DC28FF17B4 /* Pods-GitHubFollowers.release.xcconfig */,
			);
			path = Pods;
			sourceTree = "<group>";
		};
		EF14D31F23C242900015E1C5 /* Helpers */ = {
			isa = PBXGroup;
			children = (
				EF96FC9923C7B9C500A6D05D /* CollectionKit */,
				EF14D32323C242900015E1C5 /* LottieFiles */,
			);
			path = Helpers;
			sourceTree = "<group>";
		};
		EF14D32323C242900015E1C5 /* LottieFiles */ = {
			isa = PBXGroup;
			children = (
				EF14D32423C242900015E1C5 /* empty.json */,
				EF14D32523C242900015E1C5 /* NoConnection.json */,
				EF14D32623C242900015E1C5 /* isPlaying2.json */,
				EF14D32723C242900015E1C5 /* isPlaying.json */,
				EF14D32823C242900015E1C5 /* NoSearch.json */,
			);
			path = LottieFiles;
			sourceTree = "<group>";
		};
		EF14D32923C242900015E1C5 /* Extension */ = {
			isa = PBXGroup;
			children = (
				EF14D32A23C242900015E1C5 /* Extension + UIButton.swift */,
				EF14D32B23C242900015E1C5 /* Extension + GCD.swift */,
				EF14D32C23C242900015E1C5 /* Extension + CMTime.swift */,
				EF14D32D23C242900015E1C5 /* Extension + CGFloat.swift */,
				EF14D32E23C242900015E1C5 /* Extension + Nib.swift */,
				EF14D32F23C242900015E1C5 /* Extension + ViewController.swift */,
				EF14D33023C242900015E1C5 /* Extension + TableDirector.swift */,
				EF14D33123C242900015E1C5 /* UITableView + TableFlip.swift */,
				EF14D33223C242900015E1C5 /* UIViewController + Storyboard.swift */,
				EF14D33323C242900015E1C5 /* Extension + UIView.swift */,
				EF14D33423C242900015E1C5 /* UIView + Anchors.swift */,
			);
			path = Extension;
			sourceTree = "<group>";
		};
		EF28C89423C4B1EB000EC9DA /* Views */ = {
			isa = PBXGroup;
			children = (
				EF96FC9123C7B55100A6D05D /* CollectionViewCells */,
				EFDDCCD023C4DD3800EE8BB7 /* Alerts */,
				EF28C89523C4B1FF000EC9DA /* CustomViews */,
			);
			path = Views;
			sourceTree = "<group>";
		};
		EF28C89523C4B1FF000EC9DA /* CustomViews */ = {
			isa = PBXGroup;
			children = (
				EF14D34723C244540015E1C5 /* PrettyButton.swift */,
				EF14D34923C2446E0015E1C5 /* PrettyTextField.swift */,
			);
			path = CustomViews;
			sourceTree = "<group>";
		};
		EF318DC923C3CC96007F3C71 /* Common */ = {
			isa = PBXGroup;
			children = (
				EF96FC9623C7B96F00A6D05D /* Providers */,
				EF28C89423C4B1EB000EC9DA /* Views */,
				EF7D18BD23C3D36F00058A15 /* Managers */,
				EF318DCF23C3D01B007F3C71 /* API */,
				EF318DCA23C3CCAD007F3C71 /* Models */,
			);
			path = Common;
			sourceTree = "<group>";
		};
		EF318DCA23C3CCAD007F3C71 /* Models */ = {
			isa = PBXGroup;
			children = (
				EF318DCB23C3CCBA007F3C71 /* User.swift */,
				EF318DCD23C3CE6C007F3C71 /* Follower.swift */,
			);
			path = Models;
			sourceTree = "<group>";
		};
		EF318DCF23C3D01B007F3C71 /* API */ = {
			isa = PBXGroup;
			children = (
				EF318DD023C3D025007F3C71 /* MainAPI.swift */,
				EF318DD223C3D038007F3C71 /* APIResponse.swift */,
				EF318DD423C3D0EB007F3C71 /* GetFollowersAPI.swift */,
			);
			path = API;
			sourceTree = "<group>";
		};
		EF53026023C3671F00334ACD /* FollowerList */ = {
			isa = PBXGroup;
			children = (
				EF53025823C366DB00334ACD /* FollowerListConfigurator.swift */,
				EF53025223C366DB00334ACD /* FollowerList.storyboard */,
				EF53025523C366DB00334ACD /* FollowerListViewController.swift */,
				EF53025323C366DB00334ACD /* FollowerListPresenter.swift */,
				EF53025723C366DB00334ACD /* FollowerListInteractor.swift */,
				EF53025423C366DB00334ACD /* FollowerListRouter.swift */,
				EF53025623C366DB00334ACD /* FollowerListProtocols.swift */,
			);
			path = FollowerList;
			sourceTree = "<group>";
		};
		EF7D18BD23C3D36F00058A15 /* Managers */ = {
			isa = PBXGroup;
			children = (
				EFB4EEEB23C65A3300C38AE5 /* Internal */,
				EF7D18BE23C3D37E00058A15 /* Network */,
			);
			path = Managers;
			sourceTree = "<group>";
		};
		EF7D18BE23C3D37E00058A15 /* Network */ = {
			isa = PBXGroup;
			children = (
				EF7D18BF23C3D39D00058A15 /* FollowersSearchManager.swift */,
				EF28C89223C4679B000EC9DA /* RequestManager.swift */,
			);
			path = Network;
			sourceTree = "<group>";
		};
		EF96FC9123C7B55100A6D05D /* CollectionViewCells */ = {
			isa = PBXGroup;
			children = (
				EF96FC9223C7B56D00A6D05D /* FollowerCell.swift */,
				EF96FC9423C7B57500A6D05D /* FollowerCell.xib */,
			);
			path = CollectionViewCells;
			sourceTree = "<group>";
		};
		EF96FC9623C7B96F00A6D05D /* Providers */ = {
			isa = PBXGroup;
			children = (
				EF96FC9723C7B98F00A6D05D /* FollowerCellProvider.swift */,
			);
			path = Providers;
			sourceTree = "<group>";
		};
		EF96FC9923C7B9C500A6D05D /* CollectionKit */ = {
			isa = PBXGroup;
			children = (
				EF96FC9A23C7B9C500A6D05D /* CollectionCell.swift */,
				EF96FC9B23C7B9C500A6D05D /* CollectionInsidable.swift */,
				EF96FC9C23C7B9C500A6D05D /* CollectionInsideProvider.swift */,
				EF96FC9D23C7B9C500A6D05D /* AnimatedReloadAnimator.swift */,
			);
			path = CollectionKit;
			sourceTree = "<group>";
		};
		EF9CB29823C2221A006FAA26 /* Favourite */ = {
			isa = PBXGroup;
			children = (
				EF9CB29023C22214006FAA26 /* FavouritesConfigurator.swift */,
				EF9CB28A23C22214006FAA26 /* Favourites.storyboard */,
				EF9CB28D23C22214006FAA26 /* FavouritesViewController.swift */,
				EF9CB28B23C22214006FAA26 /* FavouritesPresenter.swift */,
				EF9CB28F23C22214006FAA26 /* FavouritesInteractor.swift */,
				EF9CB28C23C22214006FAA26 /* FavouritesRouter.swift */,
				EF9CB28E23C22214006FAA26 /* FavouritesProtocols.swift */,
			);
			path = Favourite;
			sourceTree = "<group>";
		};
		EF9CB29923C22225006FAA26 /* Modules */ = {
			isa = PBXGroup;
			children = (
				EFADB8EF23C22127007565C9 /* Search */,
				EF53026023C3671F00334ACD /* FollowerList */,
				EF9CB29823C2221A006FAA26 /* Favourite */,
			);
			path = Modules;
			sourceTree = "<group>";
		};
		EFADB8BE23C21A07007565C9 = {
			isa = PBXGroup;
			children = (
				EFADB8C923C21A07007565C9 /* GitHubFollowers */,
				EFADB8C823C21A07007565C9 /* Products */,
				5FCE93D5A945988CB2007099 /* Pods */,
				37C3A85D9E0D4A7B44E22F28 /* Frameworks */,
			);
			sourceTree = "<group>";
		};
		EFADB8C823C21A07007565C9 /* Products */ = {
			isa = PBXGroup;
			children = (
				EFADB8C723C21A07007565C9 /* GitHubFollowers.app */,
			);
			name = Products;
			sourceTree = "<group>";
		};
		EFADB8C923C21A07007565C9 /* GitHubFollowers */ = {
			isa = PBXGroup;
			children = (
				EFADB8DE23C21A77007565C9 /* Application */,
				EFADB8DF23C22092007565C9 /* MainTabBarController.swift */,
				EF9CB29923C22225006FAA26 /* Modules */,
				EF318DC923C3CC96007F3C71 /* Common */,
				EF14D32923C242900015E1C5 /* Extension */,
				EF14D31F23C242900015E1C5 /* Helpers */,
				EFADB8D323C21A0A007565C9 /* Assets.xcassets */,
				EFADB8D523C21A0A007565C9 /* LaunchScreen.storyboard */,
				EFADB8D823C21A0A007565C9 /* Info.plist */,
			);
			path = GitHubFollowers;
			sourceTree = "<group>";
		};
		EFADB8DE23C21A77007565C9 /* Application */ = {
			isa = PBXGroup;
			children = (
				EFADB8CA23C21A07007565C9 /* AppDelegate.swift */,
				EFADB8CC23C21A07007565C9 /* SceneDelegate.swift */,
			);
			path = Application;
			sourceTree = "<group>";
		};
		EFADB8EF23C22127007565C9 /* Search */ = {
			isa = PBXGroup;
			children = (
				EFADB8E723C22122007565C9 /* SearchConfigurator.swift */,
				EFADB8E123C22122007565C9 /* Search.storyboard */,
				EFADB8E423C22122007565C9 /* SearchViewController.swift */,
				EFADB8E223C22122007565C9 /* SearchPresenter.swift */,
				EFADB8E623C22122007565C9 /* SearchInteractor.swift */,
				EFADB8E323C22122007565C9 /* SearchRouter.swift */,
				EFADB8E523C22122007565C9 /* SearchProtocols.swift */,
			);
			path = Search;
			sourceTree = "<group>";
		};
		EFB4EEEB23C65A3300C38AE5 /* Internal */ = {
			isa = PBXGroup;
			children = (
				EFB4EEEC23C65A4A00C38AE5 /* AlertManager.swift */,
			);
			path = Internal;
			sourceTree = "<group>";
		};
		EFDDCCD023C4DD3800EE8BB7 /* Alerts */ = {
			isa = PBXGroup;
			children = (
				EFDDCCD123C4DD8500EE8BB7 /* CustomAlert.swift */,
				EFDDCCD323C4DD9500EE8BB7 /* CustomAlert.xib */,
			);
			path = Alerts;
			sourceTree = "<group>";
		};
/* End PBXGroup section */

/* Begin PBXNativeTarget section */
		EFADB8C623C21A07007565C9 /* GitHubFollowers */ = {
			isa = PBXNativeTarget;
			buildConfigurationList = EFADB8DB23C21A0A007565C9 /* Build configuration list for PBXNativeTarget "GitHubFollowers" */;
			buildPhases = (
				DA9179695ED777E6E4303D78 /* [CP] Check Pods Manifest.lock */,
				EFADB8C323C21A07007565C9 /* Sources */,
				EFADB8C423C21A07007565C9 /* Frameworks */,
				EFADB8C523C21A07007565C9 /* Resources */,
				A346817B4F41E6A51C4707B4 /* [CP] Embed Pods Frameworks */,
			);
			buildRules = (
			);
			dependencies = (
			);
			name = GitHubFollowers;
			productName = GitHubFollowers;
			productReference = EFADB8C723C21A07007565C9 /* GitHubFollowers.app */;
			productType = "com.apple.product-type.application";
		};
/* End PBXNativeTarget section */

/* Begin PBXProject section */
		EFADB8BF23C21A07007565C9 /* Project object */ = {
			isa = PBXProject;
			attributes = {
				LastSwiftUpdateCheck = 1130;
				LastUpgradeCheck = 1130;
				ORGANIZATIONNAME = TOOK;
				TargetAttributes = {
					EFADB8C623C21A07007565C9 = {
						CreatedOnToolsVersion = 11.3;
					};
				};
			};
			buildConfigurationList = EFADB8C223C21A07007565C9 /* Build configuration list for PBXProject "GitHubFollowers" */;
			compatibilityVersion = "Xcode 9.3";
			developmentRegion = en;
			hasScannedForEncodings = 0;
			knownRegions = (
				en,
				Base,
			);
			mainGroup = EFADB8BE23C21A07007565C9;
			productRefGroup = EFADB8C823C21A07007565C9 /* Products */;
			projectDirPath = "";
			projectRoot = "";
			targets = (
				EFADB8C623C21A07007565C9 /* GitHubFollowers */,
			);
		};
/* End PBXProject section */

/* Begin PBXResourcesBuildPhase section */
		EFADB8C523C21A07007565C9 /* Resources */ = {
			isa = PBXResourcesBuildPhase;
			buildActionMask = 2147483647;
			files = (
				EF9CB29123C22214006FAA26 /* Favourites.storyboard in Resources */,
				EF14D33723C242900015E1C5 /* empty.json in Resources */,
				EF14D33B23C242900015E1C5 /* NoSearch.json in Resources */,
				EFDDCCD423C4DD9500EE8BB7 /* CustomAlert.xib in Resources */,
				EF14D33923C242900015E1C5 /* isPlaying2.json in Resources */,
				EF14D33823C242900015E1C5 /* NoConnection.json in Resources */,
				EFADB8D723C21A0A007565C9 /* LaunchScreen.storyboard in Resources */,
				EFADB8E823C22122007565C9 /* Search.storyboard in Resources */,
				EF14D33A23C242900015E1C5 /* isPlaying.json in Resources */,
				EF53025923C366DB00334ACD /* FollowerList.storyboard in Resources */,
				EF96FC9523C7B57500A6D05D /* FollowerCell.xib in Resources */,
				EFADB8D423C21A0A007565C9 /* Assets.xcassets in Resources */,
			);
			runOnlyForDeploymentPostprocessing = 0;
		};
/* End PBXResourcesBuildPhase section */

/* Begin PBXShellScriptBuildPhase section */
		A346817B4F41E6A51C4707B4 /* [CP] Embed Pods Frameworks */ = {
			isa = PBXShellScriptBuildPhase;
			buildActionMask = 2147483647;
			files = (
			);
			inputFileListPaths = (
				"${PODS_ROOT}/Target Support Files/Pods-GitHubFollowers/Pods-GitHubFollowers-frameworks-${CONFIGURATION}-input-files.xcfilelist",
			);
			name = "[CP] Embed Pods Frameworks";
			outputFileListPaths = (
				"${PODS_ROOT}/Target Support Files/Pods-GitHubFollowers/Pods-GitHubFollowers-frameworks-${CONFIGURATION}-output-files.xcfilelist",
			);
			runOnlyForDeploymentPostprocessing = 0;
			shellPath = /bin/sh;
			shellScript = "\"${PODS_ROOT}/Target Support Files/Pods-GitHubFollowers/Pods-GitHubFollowers-frameworks.sh\"\n";
			showEnvVarsInLog = 0;
		};
		DA9179695ED777E6E4303D78 /* [CP] Check Pods Manifest.lock */ = {
			isa = PBXShellScriptBuildPhase;
			buildActionMask = 2147483647;
			files = (
			);
			inputFileListPaths = (
			);
			inputPaths = (
				"${PODS_PODFILE_DIR_PATH}/Podfile.lock",
				"${PODS_ROOT}/Manifest.lock",
			);
			name = "[CP] Check Pods Manifest.lock";
			outputFileListPaths = (
			);
			outputPaths = (
				"$(DERIVED_FILE_DIR)/Pods-GitHubFollowers-checkManifestLockResult.txt",
			);
			runOnlyForDeploymentPostprocessing = 0;
			shellPath = /bin/sh;
			shellScript = "diff \"${PODS_PODFILE_DIR_PATH}/Podfile.lock\" \"${PODS_ROOT}/Manifest.lock\" > /dev/null\nif [ $? != 0 ] ; then\n    # print error to STDERR\n    echo \"error: The sandbox is not in sync with the Podfile.lock. Run 'pod install' or update your CocoaPods installation.\" >&2\n    exit 1\nfi\n# This output is used by Xcode 'outputs' to avoid re-running this script phase.\necho \"SUCCESS\" > \"${SCRIPT_OUTPUT_FILE_0}\"\n";
			showEnvVarsInLog = 0;
		};
/* End PBXShellScriptBuildPhase section */

/* Begin PBXSourcesBuildPhase section */
		EFADB8C323C21A07007565C9 /* Sources */ = {
			isa = PBXSourcesBuildPhase;
			buildActionMask = 2147483647;
			files = (
				EF53025C23C366DB00334ACD /* FollowerListViewController.swift in Sources */,
				EF53025D23C366DB00334ACD /* FollowerListProtocols.swift in Sources */,
				EF9CB29423C22214006FAA26 /* FavouritesViewController.swift in Sources */,
				EF14D33C23C242900015E1C5 /* Extension + UIButton.swift in Sources */,
				EF53025A23C366DB00334ACD /* FollowerListPresenter.swift in Sources */,
				EF9CB29523C22214006FAA26 /* FavouritesProtocols.swift in Sources */,
				EF14D34023C242900015E1C5 /* Extension + Nib.swift in Sources */,
				EFADB8EE23C22122007565C9 /* SearchConfigurator.swift in Sources */,
				EF9CB29323C22214006FAA26 /* FavouritesRouter.swift in Sources */,
				EF96FC9823C7B98F00A6D05D /* FollowerCellProvider.swift in Sources */,
				EFADB8EB23C22122007565C9 /* SearchViewController.swift in Sources */,
				EF14D34623C242900015E1C5 /* UIView + Anchors.swift in Sources */,
				EFADB8CB23C21A07007565C9 /* AppDelegate.swift in Sources */,
				EF14D34A23C2446E0015E1C5 /* PrettyTextField.swift in Sources */,
				EF318DCC23C3CCBA007F3C71 /* User.swift in Sources */,
				EF96FC9E23C7B9C500A6D05D /* CollectionCell.swift in Sources */,
				EF14D34323C242900015E1C5 /* UITableView + TableFlip.swift in Sources */,
				EF318DD523C3D0EB007F3C71 /* GetFollowersAPI.swift in Sources */,
				EF9CB29623C22214006FAA26 /* FavouritesInteractor.swift in Sources */,
				EFADB8ED23C22122007565C9 /* SearchInteractor.swift in Sources */,
				EF53025F23C366DB00334ACD /* FollowerListConfigurator.swift in Sources */,
				EF14D33E23C242900015E1C5 /* Extension + CMTime.swift in Sources */,
				EF318DCE23C3CE6C007F3C71 /* Follower.swift in Sources */,
				EF53025E23C366DB00334ACD /* FollowerListInteractor.swift in Sources */,
				EFADB8EC23C22122007565C9 /* SearchProtocols.swift in Sources */,
				EF14D34523C242900015E1C5 /* Extension + UIView.swift in Sources */,
				EF14D33F23C242900015E1C5 /* Extension + CGFloat.swift in Sources */,
				EF14D34823C244540015E1C5 /* PrettyButton.swift in Sources */,
				EF96FCA023C7B9C500A6D05D /* CollectionInsideProvider.swift in Sources */,
				EFADB8EA23C22122007565C9 /* SearchRouter.swift in Sources */,
				EFDDCCD223C4DD8500EE8BB7 /* CustomAlert.swift in Sources */,
				EFB4EEED23C65A4A00C38AE5 /* AlertManager.swift in Sources */,
				EF53025B23C366DB00334ACD /* FollowerListRouter.swift in Sources */,
				EF28C89323C4679B000EC9DA /* RequestManager.swift in Sources */,
				EF96FCA123C7B9C500A6D05D /* AnimatedReloadAnimator.swift in Sources */,
				EF14D33D23C242900015E1C5 /* Extension + GCD.swift in Sources */,
				EF7D18C023C3D39D00058A15 /* FollowersSearchManager.swift in Sources */,
				EFADB8E023C22092007565C9 /* MainTabBarController.swift in Sources */,
				EF9CB29723C22214006FAA26 /* FavouritesConfigurator.swift in Sources */,
				EFADB8E923C22122007565C9 /* SearchPresenter.swift in Sources */,
				EF14D34123C242900015E1C5 /* Extension + ViewController.swift in Sources */,
				EF14D34423C242900015E1C5 /* UIViewController + Storyboard.swift in Sources */,
				EF9CB29223C22214006FAA26 /* FavouritesPresenter.swift in Sources */,
				EF96FC9323C7B56D00A6D05D /* FollowerCell.swift in Sources */,
				EF14D34223C242900015E1C5 /* Extension + TableDirector.swift in Sources */,
				EF96FC9F23C7B9C500A6D05D /* CollectionInsidable.swift in Sources */,
				EF318DD123C3D025007F3C71 /* MainAPI.swift in Sources */,
				EFADB8CD23C21A07007565C9 /* SceneDelegate.swift in Sources */,
				EF318DD323C3D038007F3C71 /* APIResponse.swift in Sources */,
			);
			runOnlyForDeploymentPostprocessing = 0;
		};
/* End PBXSourcesBuildPhase section */

/* Begin PBXVariantGroup section */
		EFADB8D523C21A0A007565C9 /* LaunchScreen.storyboard */ = {
			isa = PBXVariantGroup;
			children = (
				EFADB8D623C21A0A007565C9 /* Base */,
			);
			name = LaunchScreen.storyboard;
			sourceTree = "<group>";
		};
/* End PBXVariantGroup section */

/* Begin XCBuildConfiguration section */
		EFADB8D923C21A0A007565C9 /* Debug */ = {
			isa = XCBuildConfiguration;
			buildSettings = {
				ALWAYS_SEARCH_USER_PATHS = NO;
				CLANG_ANALYZER_NONNULL = YES;
				CLANG_ANALYZER_NUMBER_OBJECT_CONVERSION = YES_AGGRESSIVE;
				CLANG_CXX_LANGUAGE_STANDARD = "gnu++14";
				CLANG_CXX_LIBRARY = "libc++";
				CLANG_ENABLE_MODULES = YES;
				CLANG_ENABLE_OBJC_ARC = YES;
				CLANG_ENABLE_OBJC_WEAK = YES;
				CLANG_WARN_BLOCK_CAPTURE_AUTORELEASING = YES;
				CLANG_WARN_BOOL_CONVERSION = YES;
				CLANG_WARN_COMMA = YES;
				CLANG_WARN_CONSTANT_CONVERSION = YES;
				CLANG_WARN_DEPRECATED_OBJC_IMPLEMENTATIONS = YES;
				CLANG_WARN_DIRECT_OBJC_ISA_USAGE = YES_ERROR;
				CLANG_WARN_DOCUMENTATION_COMMENTS = YES;
				CLANG_WARN_EMPTY_BODY = YES;
				CLANG_WARN_ENUM_CONVERSION = YES;
				CLANG_WARN_INFINITE_RECURSION = YES;
				CLANG_WARN_INT_CONVERSION = YES;
				CLANG_WARN_NON_LITERAL_NULL_CONVERSION = YES;
				CLANG_WARN_OBJC_IMPLICIT_RETAIN_SELF = YES;
				CLANG_WARN_OBJC_LITERAL_CONVERSION = YES;
				CLANG_WARN_OBJC_ROOT_CLASS = YES_ERROR;
				CLANG_WARN_RANGE_LOOP_ANALYSIS = YES;
				CLANG_WARN_STRICT_PROTOTYPES = YES;
				CLANG_WARN_SUSPICIOUS_MOVE = YES;
				CLANG_WARN_UNGUARDED_AVAILABILITY = YES_AGGRESSIVE;
				CLANG_WARN_UNREACHABLE_CODE = YES;
				CLANG_WARN__DUPLICATE_METHOD_MATCH = YES;
				COPY_PHASE_STRIP = NO;
				DEBUG_INFORMATION_FORMAT = dwarf;
				ENABLE_STRICT_OBJC_MSGSEND = YES;
				ENABLE_TESTABILITY = YES;
				GCC_C_LANGUAGE_STANDARD = gnu11;
				GCC_DYNAMIC_NO_PIC = NO;
				GCC_NO_COMMON_BLOCKS = YES;
				GCC_OPTIMIZATION_LEVEL = 0;
				GCC_PREPROCESSOR_DEFINITIONS = (
					"DEBUG=1",
					"$(inherited)",
				);
				GCC_WARN_64_TO_32_BIT_CONVERSION = YES;
				GCC_WARN_ABOUT_RETURN_TYPE = YES_ERROR;
				GCC_WARN_UNDECLARED_SELECTOR = YES;
				GCC_WARN_UNINITIALIZED_AUTOS = YES_AGGRESSIVE;
				GCC_WARN_UNUSED_FUNCTION = YES;
				GCC_WARN_UNUSED_VARIABLE = YES;
				IPHONEOS_DEPLOYMENT_TARGET = 13.2;
				MTL_ENABLE_DEBUG_INFO = INCLUDE_SOURCE;
				MTL_FAST_MATH = YES;
				ONLY_ACTIVE_ARCH = YES;
				SDKROOT = iphoneos;
				SWIFT_ACTIVE_COMPILATION_CONDITIONS = DEBUG;
				SWIFT_OPTIMIZATION_LEVEL = "-Onone";
			};
			name = Debug;
		};
		EFADB8DA23C21A0A007565C9 /* Release */ = {
			isa = XCBuildConfiguration;
			buildSettings = {
				ALWAYS_SEARCH_USER_PATHS = NO;
				CLANG_ANALYZER_NONNULL = YES;
				CLANG_ANALYZER_NUMBER_OBJECT_CONVERSION = YES_AGGRESSIVE;
				CLANG_CXX_LANGUAGE_STANDARD = "gnu++14";
				CLANG_CXX_LIBRARY = "libc++";
				CLANG_ENABLE_MODULES = YES;
				CLANG_ENABLE_OBJC_ARC = YES;
				CLANG_ENABLE_OBJC_WEAK = YES;
				CLANG_WARN_BLOCK_CAPTURE_AUTORELEASING = YES;
				CLANG_WARN_BOOL_CONVERSION = YES;
				CLANG_WARN_COMMA = YES;
				CLANG_WARN_CONSTANT_CONVERSION = YES;
				CLANG_WARN_DEPRECATED_OBJC_IMPLEMENTATIONS = YES;
				CLANG_WARN_DIRECT_OBJC_ISA_USAGE = YES_ERROR;
				CLANG_WARN_DOCUMENTATION_COMMENTS = YES;
				CLANG_WARN_EMPTY_BODY = YES;
				CLANG_WARN_ENUM_CONVERSION = YES;
				CLANG_WARN_INFINITE_RECURSION = YES;
				CLANG_WARN_INT_CONVERSION = YES;
				CLANG_WARN_NON_LITERAL_NULL_CONVERSION = YES;
				CLANG_WARN_OBJC_IMPLICIT_RETAIN_SELF = YES;
				CLANG_WARN_OBJC_LITERAL_CONVERSION = YES;
				CLANG_WARN_OBJC_ROOT_CLASS = YES_ERROR;
				CLANG_WARN_RANGE_LOOP_ANALYSIS = YES;
				CLANG_WARN_STRICT_PROTOTYPES = YES;
				CLANG_WARN_SUSPICIOUS_MOVE = YES;
				CLANG_WARN_UNGUARDED_AVAILABILITY = YES_AGGRESSIVE;
				CLANG_WARN_UNREACHABLE_CODE = YES;
				CLANG_WARN__DUPLICATE_METHOD_MATCH = YES;
				COPY_PHASE_STRIP = NO;
				DEBUG_INFORMATION_FORMAT = "dwarf-with-dsym";
				ENABLE_NS_ASSERTIONS = NO;
				ENABLE_STRICT_OBJC_MSGSEND = YES;
				GCC_C_LANGUAGE_STANDARD = gnu11;
				GCC_NO_COMMON_BLOCKS = YES;
				GCC_WARN_64_TO_32_BIT_CONVERSION = YES;
				GCC_WARN_ABOUT_RETURN_TYPE = YES_ERROR;
				GCC_WARN_UNDECLARED_SELECTOR = YES;
				GCC_WARN_UNINITIALIZED_AUTOS = YES_AGGRESSIVE;
				GCC_WARN_UNUSED_FUNCTION = YES;
				GCC_WARN_UNUSED_VARIABLE = YES;
				IPHONEOS_DEPLOYMENT_TARGET = 13.2;
				MTL_ENABLE_DEBUG_INFO = NO;
				MTL_FAST_MATH = YES;
				SDKROOT = iphoneos;
				SWIFT_COMPILATION_MODE = wholemodule;
				SWIFT_OPTIMIZATION_LEVEL = "-O";
				VALIDATE_PRODUCT = YES;
			};
			name = Release;
		};
		EFADB8DC23C21A0A007565C9 /* Debug */ = {
			isa = XCBuildConfiguration;
			baseConfigurationReference = 37E7B93A336A8B7CFC73729E /* Pods-GitHubFollowers.debug.xcconfig */;
			buildSettings = {
				ASSETCATALOG_COMPILER_APPICON_NAME = AppIcon;
				CODE_SIGN_STYLE = Automatic;
				DEVELOPMENT_TEAM = 8L3SNZ837Y;
				INFOPLIST_FILE = GitHubFollowers/Info.plist;
				LD_RUNPATH_SEARCH_PATHS = (
					"$(inherited)",
					"@executable_path/Frameworks",
				);
				PRODUCT_BUNDLE_IDENTIFIER = kaboo.GitHubFollowers;
				PRODUCT_NAME = "$(TARGET_NAME)";
				SWIFT_VERSION = 5.0;
				TARGETED_DEVICE_FAMILY = "1,2";
			};
			name = Debug;
		};
		EFADB8DD23C21A0A007565C9 /* Release */ = {
			isa = XCBuildConfiguration;
			baseConfigurationReference = DB6A4C8D9C0C93DC28FF17B4 /* Pods-GitHubFollowers.release.xcconfig */;
			buildSettings = {
				ASSETCATALOG_COMPILER_APPICON_NAME = AppIcon;
				CODE_SIGN_STYLE = Automatic;
				DEVELOPMENT_TEAM = 8L3SNZ837Y;
				INFOPLIST_FILE = GitHubFollowers/Info.plist;
				LD_RUNPATH_SEARCH_PATHS = (
					"$(inherited)",
					"@executable_path/Frameworks",
				);
				PRODUCT_BUNDLE_IDENTIFIER = kaboo.GitHubFollowers;
				PRODUCT_NAME = "$(TARGET_NAME)";
				SWIFT_VERSION = 5.0;
				TARGETED_DEVICE_FAMILY = "1,2";
			};
			name = Release;
		};
/* End XCBuildConfiguration section */

/* Begin XCConfigurationList section */
		EFADB8C223C21A07007565C9 /* Build configuration list for PBXProject "GitHubFollowers" */ = {
			isa = XCConfigurationList;
			buildConfigurations = (
				EFADB8D923C21A0A007565C9 /* Debug */,
				EFADB8DA23C21A0A007565C9 /* Release */,
			);
			defaultConfigurationIsVisible = 0;
			defaultConfigurationName = Release;
		};
		EFADB8DB23C21A0A007565C9 /* Build configuration list for PBXNativeTarget "GitHubFollowers" */ = {
			isa = XCConfigurationList;
			buildConfigurations = (
				EFADB8DC23C21A0A007565C9 /* Debug */,
				EFADB8DD23C21A0A007565C9 /* Release */,
			);
			defaultConfigurationIsVisible = 0;
			defaultConfigurationName = Release;
		};
/* End XCConfigurationList section */
	};
	rootObject = EFADB8BF23C21A07007565C9 /* Project object */;
}
